// !$*UTF8*$!
{
	archiveVersion = 1;
	classes = {
	};
	objectVersion = 46;
	objects = {

/* Begin PBXBuildFile section */
		305D7E931CF5EBC000D6E93A /* CassiniViewController.swift in Sources */ = {isa = PBXBuildFile; fileRef = 305D7E921CF5EBC000D6E93A /* CassiniViewController.swift */; };
		30B22AAC1CF59BBF009FB506 /* AppDelegate.swift in Sources */ = {isa = PBXBuildFile; fileRef = 30B22AAB1CF59BBF009FB506 /* AppDelegate.swift */; };
		30B22AB11CF59BBF009FB506 /* Main.storyboard in Resources */ = {isa = PBXBuildFile; fileRef = 30B22AAF1CF59BBF009FB506 /* Main.storyboard */; };
		30B22AB31CF59BBF009FB506 /* Assets.xcassets in Resources */ = {isa = PBXBuildFile; fileRef = 30B22AB21CF59BBF009FB506 /* Assets.xcassets */; };
		30B22AB61CF59BBF009FB506 /* LaunchScreen.storyboard in Resources */ = {isa = PBXBuildFile; fileRef = 30B22AB41CF59BBF009FB506 /* LaunchScreen.storyboard */; };
		30B22ABF1CF59C1D009FB506 /* ImageViewController.swift in Sources */ = {isa = PBXBuildFile; fileRef = 30B22ABE1CF59C1D009FB506 /* ImageViewController.swift */; };
		30B22AC11CF5A459009FB506 /* DemoURL.swift in Sources */ = {isa = PBXBuildFile; fileRef = 30B22AC01CF5A459009FB506 /* DemoURL.swift */; };
/* End PBXBuildFile section */

/* Begin PBXFileReference section */
		305D7E921CF5EBC000D6E93A /* CassiniViewController.swift */ = {isa = PBXFileReference; fileEncoding = 4; lastKnownFileType = sourcecode.swift; path = CassiniViewController.swift; sourceTree = "<group>"; };
		30B22AA81CF59BBF009FB506 /* Cassini.app */ = {isa = PBXFileReference; explicitFileType = wrapper.application; includeInIndex = 0; path = Cassini.app; sourceTree = BUILT_PRODUCTS_DIR; };
		30B22AAB1CF59BBF009FB506 /* AppDelegate.swift */ = {isa = PBXFileReference; lastKnownFileType = sourcecode.swift; path = AppDelegate.swift; sourceTree = "<group>"; };
		30B22AB01CF59BBF009FB506 /* Base */ = {isa = PBXFileReference; lastKnownFileType = file.storyboard; name = Base; path = Base.lproj/Main.storyboard; sourceTree = "<group>"; };
		30B22AB21CF59BBF009FB506 /* Assets.xcassets */ = {isa = PBXFileReference; lastKnownFileType = folder.assetcatalog; path = Assets.xcassets; sourceTree = "<group>"; };
		30B22AB51CF59BBF009FB506 /* Base */ = {isa = PBXFileReference; lastKnownFileType = file.storyboard; name = Base; path = Base.lproj/LaunchScreen.storyboard; sourceTree = "<group>"; };
		30B22AB71CF59BBF009FB506 /* Info.plist */ = {isa = PBXFileReference; lastKnownFileType = text.plist.xml; path = Info.plist; sourceTree = "<group>"; };
		30B22ABE1CF59C1D009FB506 /* ImageViewController.swift */ = {isa = PBXFileReference; fileEncoding = 4; lastKnownFileType = sourcecode.swift; path = ImageViewController.swift; sourceTree = "<group>"; };
		30B22AC01CF5A459009FB506 /* DemoURL.swift */ = {isa = PBXFileReference; fileEncoding = 4; lastKnownFileType = sourcecode.swift; path = DemoURL.swift; sourceTree = "<group>"; };
/* End PBXFileReference section */

/* Begin PBXFrameworksBuildPhase section */
		30B22AA51CF59BBF009FB506 /* Frameworks */ = {
			isa = PBXFrameworksBuildPhase;
			buildActionMask = 2147483647;
			files = (
			);
			runOnlyForDeploymentPostprocessing = 0;
		};
/* End PBXFrameworksBuildPhase section */

/* Begin PBXGroup section */
		30B22A9F1CF59BBF009FB506 = {
			isa = PBXGroup;
			children = (
				30B22AAA1CF59BBF009FB506 /* Cassini */,
				30B22AA91CF59BBF009FB506 /* Products */,
			);
			sourceTree = "<group>";
		};
		30B22AA91CF59BBF009FB506 /* Products */ = {
			isa = PBXGroup;
			children = (
				30B22AA81CF59BBF009FB506 /* Cassini.app */,
			);
			name = Products;
			sourceTree = "<group>";
		};
		30B22AAA1CF59BBF009FB506 /* Cassini */ = {
			isa = PBXGroup;
			children = (
				30B22ABE1CF59C1D009FB506 /* ImageViewController.swift */,
				305D7E921CF5EBC000D6E93A /* CassiniViewController.swift */,
				30B22AC01CF5A459009FB506 /* DemoURL.swift */,
				30B22AAF1CF59BBF009FB506 /* Main.storyboard */,
				30B22ABD1CF59BE0009FB506 /* Supporting Files */,
			);
			path = Cassini;
			sourceTree = "<group>";
		};
		30B22ABD1CF59BE0009FB506 /* Supporting Files */ = {
			isa = PBXGroup;
			children = (
				30B22AB71CF59BBF009FB506 /* Info.plist */,
				30B22AAB1CF59BBF009FB506 /* AppDelegate.swift */,
				30B22AB21CF59BBF009FB506 /* Assets.xcassets */,
				30B22AB41CF59BBF009FB506 /* LaunchScreen.storyboard */,
			);
			name = "Supporting Files";
			sourceTree = "<group>";
		};
/* End PBXGroup section */

/* Begin PBXNativeTarget section */
		30B22AA71CF59BBF009FB506 /* Cassini */ = {
			isa = PBXNativeTarget;
			buildConfigurationList = 30B22ABA1CF59BBF009FB506 /* Build configuration list for PBXNativeTarget "Cassini" */;
			buildPhases = (
				30B22AA41CF59BBF009FB506 /* Sources */,
				30B22AA51CF59BBF009FB506 /* Frameworks */,
				30B22AA61CF59BBF009FB506 /* Resources */,
			);
			buildRules = (
			);
			dependencies = (
			);
			name = Cassini;
			productName = Cassini;
			productReference = 30B22AA81CF59BBF009FB506 /* Cassini.app */;
			productType = "com.apple.product-type.application";
		};
/* End PBXNativeTarget section */

/* Begin PBXProject section */
		30B22AA01CF59BBF009FB506 /* Project object */ = {
			isa = PBXProject;
			attributes = {
				LastSwiftUpdateCheck = 0730;
				LastUpgradeCheck = 0730;
				ORGANIZATIONNAME = WangQi;
				TargetAttributes = {
					30B22AA71CF59BBF009FB506 = {
						CreatedOnToolsVersion = 7.3.1;
						DevelopmentTeam = EKW377MQAC;
					};
				};
			};
			buildConfigurationList = 30B22AA31CF59BBF009FB506 /* Build configuration list for PBXProject "Cassini" */;
			compatibilityVersion = "Xcode 3.2";
			developmentRegion = English;
			hasScannedForEncodings = 0;
			knownRegions = (
				en,
				Base,
			);
			mainGroup = 30B22A9F1CF59BBF009FB506;
			productRefGroup = 30B22AA91CF59BBF009FB506 /* Products */;
			projectDirPath = "";
			projectRoot = "";
			targets = (
				30B22AA71CF59BBF009FB506 /* Cassini */,
			);
		};
/* End PBXProject section */

/* Begin PBXResourcesBuildPhase section */
		30B22AA61CF59BBF009FB506 /* Resources */ = {
			isa = PBXResourcesBuildPhase;
			buildActionMask = 2147483647;
			files = (
				30B22AB61CF59BBF009FB506 /* LaunchScreen.storyboard in Resources */,
				30B22AB31CF59BBF009FB506 /* Assets.xcassets in Resources */,
				30B22AB11CF59BBF009FB506 /* Main.storyboard in Resources */,
			);
			runOnlyForDeploymentPostprocessing = 0;
		};
/* End PBXResourcesBuildPhase section */

/* Begin PBXSourcesBuildPhase section */
		30B22AA41CF59BBF009FB506 /* Sources */ = {
			isa = PBXSourcesBuildPhase;
			buildActionMask = 2147483647;
			files = (
				30B22ABF1CF59C1D009FB506 /* ImageViewController.swift in Sources */,
				30B22AC11CF5A459009FB506 /* DemoURL.swift in Sources */,
				30B22AAC1CF59BBF009FB506 /* AppDelegate.swift in Sources */,
				305D7E931CF5EBC000D6E93A /* CassiniViewController.swift in Sources */,
			);
			runOnlyForDeploymentPostprocessing = 0;
		};
/* End PBXSourcesBuildPhase section */

/* Begin PBXVariantGroup section */
		30B22AAF1CF59BBF009FB506 /* Main.storyboard */ = {
			isa = PBXVariantGroup;
			children = (
				30B22AB01CF59BBF009FB506 /* Base */,
			);
			name = Main.storyboard;
			sourceTree = "<group>";
		};
		30B22AB41CF59BBF009FB506 /* LaunchScreen.storyboard */ = {
			isa = PBXVariantGroup;
			children = (
				30B22AB51CF59BBF009FB506 /* Base */,
			);
			name = LaunchScreen.storyboard;
			sourceTree = "<group>";
		};
/* End PBXVariantGroup section */

/* Begin XCBuildConfiguration section */
		30B22AB81CF59BBF009FB506 /* Debug */ = {
			isa = XCBuildConfiguration;
			buildSettings = {
				ALWAYS_SEARCH_USER_PATHS = NO;
				CLANG_ANALYZER_NONNULL = YES;
				CLANG_CXX_LANGUAGE_STANDARD = "gnu++0x";
				CLANG_CXX_LIBRARY = "libc++";
				CLANG_ENABLE_MODULES = YES;
				CLANG_ENABLE_OBJC_ARC = YES;
				CLANG_WARN_BOOL_CONVERSION = YES;
				CLANG_WARN_CONSTANT_CONVERSION = YES;
				CLANG_WARN_DIRECT_OBJC_ISA_USAGE = YES_ERROR;
				CLANG_WARN_EMPTY_BODY = YES;
				CLANG_WARN_ENUM_CONVERSION = YES;
				CLANG_WARN_INT_CONVERSION = YES;
				CLANG_WARN_OBJC_ROOT_CLASS = YES_ERROR;
				CLANG_WARN_UNREACHABLE_CODE = YES;
				CLANG_WARN__DUPLICATE_METHOD_MATCH = YES;
				"CODE_SIGN_IDENTITY[sdk=iphoneos*]" = "iPhone Developer";
				COPY_PHASE_STRIP = NO;
				DEBUG_INFORMATION_FORMAT = dwarf;
				ENABLE_STRICT_OBJC_MSGSEND = YES;
				ENABLE_TESTABILITY = YES;
				GCC_C_LANGUAGE_STANDARD = gnu99;
				GCC_DYNAMIC_NO_PIC = NO;
				GCC_NO_COMMON_BLOCKS = YES;
				GCC_OPTIMIZATION_LEVEL = 0;
				GCC_PREPROCESSOR_DEFINITIONS = (
					"DEBUG=1",
					"$(inherited)",
				);
				GCC_WARN_64_TO_32_BIT_CONVERSION = YES;
				GCC_WARN_ABOUT_RETURN_TYPE = YES_ERROR;
				GCC_WARN_UNDECLARED_SELECTOR = YES;
				GCC_WARN_UNINITIALIZED_AUTOS = YES_AGGRESSIVE;
				GCC_WARN_UNUSED_FUNCTION = YES;
				GCC_WARN_UNUSED_VARIABLE = YES;
				IPHONEOS_DEPLOYMENT_TARGET = 9.3;
				MTL_ENABLE_DEBUG_INFO = YES;
				ONLY_ACTIVE_ARCH = YES;
				SDKROOT = iphoneos;
				SWIFT_OPTIMIZATION_LEVEL = "-Onone";
				TARGETED_DEVICE_FAMILY = "1,2";
			};
			name = Debug;
		};
		30B22AB91CF59BBF009FB506 /* Release */ = {
			isa = XCBuildConfiguration;
			buildSettings = {
				ALWAYS_SEARCH_USER_PATHS = NO;
				CLANG_ANALYZER_NONNULL = YES;
				CLANG_CXX_LANGUAGE_STANDARD = "gnu++0x";
				CLANG_CXX_LIBRARY = "libc++";
				CLANG_ENABLE_MODULES = YES;
				CLANG_ENABLE_OBJC_ARC = YES;
				CLANG_WARN_BOOL_CONVERSION = YES;
				CLANG_WARN_CONSTANT_CONVERSION = YES;
				CLANG_WARN_DIRECT_OBJC_ISA_USAGE = YES_ERROR;
				CLANG_WARN_EMPTY_BODY = YES;
				CLANG_WARN_ENUM_CONVERSION = YES;
				CLANG_WARN_INT_CONVERSION = YES;
				CLANG_WARN_OBJC_ROOT_CLASS = YES_ERROR;
				CLANG_WARN_UNREACHABLE_CODE = YES;
				CLANG_WARN__DUPLICATE_METHOD_MATCH = YES;
				"CODE_SIGN_IDENTITY[sdk=iphoneos*]" = "iPhone Developer";
				COPY_PHASE_STRIP = NO;
				DEBUG_INFORMATION_FORMAT = "dwarf-with-dsym";
				ENABLE_NS_ASSERTIONS = NO;
				ENABLE_STRICT_OBJC_MSGSEND = YES;
				GCC_C_LANGUAGE_STANDARD = gnu99;
				GCC_NO_COMMON_BLOCKS = YES;
				GCC_WARN_64_TO_32_BIT_CONVERSION = YES;
				GCC_WARN_ABOUT_RETURN_TYPE = YES_ERROR;
				GCC_WARN_UNDECLARED_SELECTOR = YES;
				GCC_WARN_UNINITIALIZED_AUTOS = YES_AGGRESSIVE;
				GCC_WARN_UNUSED_FUNCTION = YES;
				GCC_WARN_UNUSED_VARIABLE = YES;
				IPHONEOS_DEPLOYMENT_TARGET = 9.3;
				MTL_ENABLE_DEBUG_INFO = NO;
				SDKROOT = iphoneos;
				TARGETED_DEVICE_FAMILY = "1,2";
				VALIDATE_PRODUCT = YES;
			};
			name = Release;
		};
		30B22ABB1CF59BBF009FB506 /* Debug */ = {
			isa = XCBuildConfiguration;
			buildSettings = {
				ASSETCATALOG_COMPILER_APPICON_NAME = AppIcon;
				INFOPLIST_FILE = Cassini/Info.plist;
				LD_RUNPATH_SEARCH_PATHS = "$(inherited) @executable_path/Frameworks";
				PRODUCT_BUNDLE_IDENTIFIER = com.wangqi.Cassini;
				PRODUCT_NAME = "$(TARGET_NAME)";
			};
			name = Debug;
		};
		30B22ABC1CF59BBF009FB506 /* Release */ = {
			isa = XCBuildConfiguration;
			buildSettings = {
				ASSETCATALOG_COMPILER_APPICON_NAME = AppIcon;
				INFOPLIST_FILE = Cassini/Info.plist;
				LD_RUNPATH_SEARCH_PATHS = "$(inherited) @executable_path/Frameworks";
				PRODUCT_BUNDLE_IDENTIFIER = com.wangqi.Cassini;
				PRODUCT_NAME = "$(TARGET_NAME)";
			};
			name = Release;
		};
/* End XCBuildConfiguration section */

/* Begin XCConfigurationList section */
		30B22AA31CF59BBF009FB506 /* Build configuration list for PBXProject "Cassini" */ = {
			isa = XCConfigurationList;
			buildConfigurations = (
				30B22AB81CF59BBF009FB506 /* Debug */,
				30B22AB91CF59BBF009FB506 /* Release */,
			);
			defaultConfigurationIsVisible = 0;
			defaultConfigurationName = Release;
		};
		30B22ABA1CF59BBF009FB506 /* Build configuration list for PBXNativeTarget "Cassini" */ = {
			isa = XCConfigurationList;
			buildConfigurations = (
				30B22ABB1CF59BBF009FB506 /* Debug */,
				30B22ABC1CF59BBF009FB506 /* Release */,
			);
			defaultConfigurationIsVisible = 0;
			defaultConfigurationName = Release;
		};
/* End XCConfigurationList section */
	};
	rootObject = 30B22AA01CF59BBF009FB506 /* Project object */;
}
